<?xml version="1.0" encoding="utf-8"?>
<Project ToolsVersion="4.0" xmlns="http://schemas.microsoft.com/developer/msbuild/2003">
  <ItemGroup>
    <Filter Include="Source Files">
      <UniqueIdentifier>{4FC737F1-C7A5-4376-A066-2A32D752A2FF}</UniqueIdentifier>
      <Extensions>cpp;c;cc;cxx;c++;cppm;ixx;def;odl;idl;hpj;bat;asm;asmx</Extensions>
    </Filter>
    <Filter Include="Header Files">
      <UniqueIdentifier>{93995380-89BD-4b04-88EB-625FBE52EBFB}</UniqueIdentifier>
      <Extensions>h;hh;hpp;hxx;h++;hm;inl;inc;ipp;xsd</Extensions>
    </Filter>
    <Filter Include="Resource Files">
      <UniqueIdentifier>{67DA6AB6-F800-4c08-8B7A-83BB121AAD01}</UniqueIdentifier>
      <Extensions>rc;ico;cur;bmp;dlg;rc2;rct;bin;rgs;gif;jpg;jpeg;jpe;resx;tiff;tif;png;wav;mfcribbon-ms</Extensions>
    </Filter>
    <Filter Include="ThirdParty">
      <UniqueIdentifier>{b5d693b8-8a7c-4c01-9dc5-de7beb619a4c}</UniqueIdentifier>
    </Filter>
    <Filter Include="ThirdParty\Include">
      <UniqueIdentifier>{a70ca7ca-7f78-4301-bcc7-e8f23baa0487}</UniqueIdentifier>
    </Filter>
    <Filter Include="ThirdParty\Source">
      <UniqueIdentifier>{ce91c188-47ce-49d0-9b53-50d3ccdb47d1}</UniqueIdentifier>
    </Filter>
    <Filter Include="Resource Files\text">
      <UniqueIdentifier>{e59676ea-d9d9-4aa3-a0c8-a6acafe432ee}</UniqueIdentifier>
    </Filter>
    <Filter Include="Resource Files\models">
      <UniqueIdentifier>{af89ac4e-3866-4e7f-a98d-91ccd91f3a6e}</UniqueIdentifier>
    </Filter>
    <Filter Include="Shaders">
      <UniqueIdentifier>{61aebee5-7acd-437f-80b0-335bc5aaf5ab}</UniqueIdentifier>
    </Filter>
    <Filter Include="Resource Files\levels">
      <UniqueIdentifier>{f29bbb0d-be17-4657-8488-79a73ba4ced1}</UniqueIdentifier>
    </Filter>
  </ItemGroup>
  <ItemGroup>
    <ClCompile Include="src\main.cpp">
      <Filter>Source Files</Filter>
    </ClCompile>
    <ClCompile Include="src\log.cpp">
      <Filter>Source Files</Filter>
    </ClCompile>
    <ClCompile Include="src\slurp.cpp">
      <Filter>Source Files</Filter>
    </ClCompile>
    <ClCompile Include="thirdparty\src\glad\glad.c">
      <Filter>ThirdParty\Source</Filter>
    </ClCompile>
    <ClCompile Include="stb_image.cpp">
      <Filter>Source Files</Filter>
    </ClCompile>
  </ItemGroup>
  <ItemGroup>
    <ClInclude Include="include\log.h">
      <Filter>Header Files</Filter>
    </ClInclude>
    <ClInclude Include="include\shader.h">
      <Filter>Header Files</Filter>
    </ClInclude>
    <ClInclude Include="include\framerater.h">
      <Filter>Header Files</Filter>
    </ClInclude>
    <ClInclude Include="include\circular_buffer.h">
      <Filter>Header Files</Filter>
    </ClInclude>
    <ClInclude Include="thirdparty\include\stb\stb_image.h">
      <Filter>ThirdParty\Include</Filter>
    </ClInclude>
    <ClInclude Include="thirdparty\include\glad\glad.h">
      <Filter>ThirdParty\Include</Filter>
    </ClInclude>
    <ClInclude Include="include\slurp.h">
      <Filter>Header Files</Filter>
    </ClInclude>
    <ClInclude Include="include\gamelib.h">
      <Filter>Header Files</Filter>
    </ClInclude>
    <ClInclude Include="include\headers.h">
      <Filter>Header Files</Filter>
    </ClInclude>
    <ClInclude Include="include\glm.h">
      <Filter>Header Files</Filter>
    </ClInclude>
  </ItemGroup>
  <ItemGroup>
    <Text Include="log.txt">
      <Filter>Resource Files\text</Filter>
    </Text>
    <Text Include="readme.txt">
      <Filter>Resource Files\text</Filter>
    </Text>
    <Text Include="levels\test.txt">
      <Filter>Resource Files\levels</Filter>
    </Text>
  </ItemGroup>
  <ItemGroup>
    <None Include="shaders\colorFromVertex.fs">
      <Filter>Shaders</Filter>
    </None>
    <None Include="shaders\3pos3color.vs">
      <Filter>Shaders</Filter>
    </None>
  </ItemGroup>
  <ItemGroup>
    <Object Include="models\plane.obj">
      <Filter>Resource Files\models</Filter>
    </Object>
    <Object Include="models\sphere.obj">
      <Filter>Resource Files\models</Filter>
    </Object>
    <Object Include="models\cube.obj">
      <Filter>Resource Files\models</Filter>
    </Object>
  </ItemGroup>
</Project>